
Microsoft Visual Studio Solution File, Format Version 12.00
# Visual Studio Version 16
VisualStudioVersion = 16.0.30104.148
MinimumVisualStudioVersion = 10.0.40219.1
Project("{FAE04EC0-301F-11D3-BF4B-00C04F79EFBC}") = "AppEngine.Abstract", "AppEngine.Abstract\AppEngine.Abstract.csproj", "{7BCC4779-9C9B-4DD2-B40A-33432E524BF9}"
EndProject
Project("{FAE04EC0-301F-11D3-BF4B-00C04F79EFBC}") = "AppEngine.Core", "AppEngine.Core\AppEngine.Core.csproj", "{0E442B5F-3534-4D7C-8935-153CB64584FC}"
EndProject
Project("{FAE04EC0-301F-11D3-BF4B-00C04F79EFBC}") = "AppEngine.Tests", "AppEngine.Tests\AppEngine.Tests.csproj", "{EA3A9C0C-3214-4CB1-980C-F39AB65A26E1}"
EndProject
Global
	GlobalSection(SolutionConfigurationPlatforms) = preSolution
		Debug|Any CPU = Debug|Any CPU
		Release|Any CPU = Release|Any CPU
	EndGlobalSection
	GlobalSection(ProjectConfigurationPlatforms) = postSolution
		{7BCC4779-9C9B-4DD2-B40A-33432E524BF9}.Debug|Any CPU.ActiveCfg = Debug|Any CPU
		{7BCC4779-9C9B-4DD2-B40A-33432E524BF9}.Debug|Any CPU.Build.0 = Debug|Any CPU
		{7BCC4779-9C9B-4DD2-B40A-33432E524BF9}.Release|Any CPU.ActiveCfg = Release|Any CPU
		{7BCC4779-9C9B-4DD2-B40A-33432E524BF9}.Release|Any CPU.Build.0 = Release|Any CPU
		{0E442B5F-3534-4D7C-8935-153CB64584FC}.Debug|Any CPU.ActiveCfg = Debug|Any CPU
		{0E442B5F-3534-4D7C-8935-153CB64584FC}.Debug|Any CPU.Build.0 = Debug|Any CPU
		{0E442B5F-3534-4D7C-8935-153CB64584FC}.Release|Any CPU.ActiveCfg = Release|Any CPU
		{0E442B5F-3534-4D7C-8935-153CB64584FC}.Release|Any CPU.Build.0 = Release|Any CPU
		{EA3A9C0C-3214-4CB1-980C-F39AB65A26E1}.Debug|Any CPU.ActiveCfg = Debug|Any CPU
		{EA3A9C0C-3214-4CB1-980C-F39AB65A26E1}.Debug|Any CPU.Build.0 = Debug|Any CPU
		{EA3A9C0C-3214-4CB1-980C-F39AB65A26E1}.Release|Any CPU.ActiveCfg = Release|Any CPU
		{EA3A9C0C-3214-4CB1-980C-F39AB65A26E1}.Release|Any CPU.Build.0 = Release|Any CPU
	EndGlobalSection
	GlobalSection(SolutionProperties) = preSolution
		HideSolutionNode = FALSE
	EndGlobalSection
	GlobalSection(ExtensibilityGlobals) = postSolution
		SolutionGuid = {6FEE5975-4333-467A-B88E-E0BC20EC5E86}
	EndGlobalSection
EndGlobal
